{
    "_readme": [
        "This file locks the dependencies of your project to a known state",
        "Read more about it at http://getcomposer.org/doc/01-basic-usage.md#composer-lock-the-lock-file"
    ],
    "hash": "38abe77da6ca6612109cbd1cdeff1e1d",
    "packages": [
        {
            "name": "auth",
            "version": "master",
            "source": {
                "type": "git",
                "url": "git@github.com:nicolasbonnici/auth.git",
                "reference": "master"
            },
            "type": "library",
            "time": "2014-03-22 13:49:36"
        },
        {
            "name": "blog",
            "version": "master",
            "source": {
                "type": "git",
                "url": "git@github.com:nicolasbonnici/blog.git",
                "reference": "master"
            },
            "type": "library",
            "time": "2014-03-23 18:29:10"
        },
        {
            "name": "category",
            "version": "master",
            "source": {
                "type": "git",
                "url": "git@github.com:nicolasbonnici/category.git",
                "reference": "master"
            },
            "type": "library",
            "time": "2014-03-18 04:36:59"
        },
        {
            "name": "crud",
            "version": "master",
            "source": {
                "type": "git",
                "url": "git@github.com:nicolasbonnici/crud.git",
                "reference": "master"
            },
            "type": "library",
            "time": "2014-03-22 13:49:41"
        },
        {
            "name": "error",
            "version": "master",
            "source": {
                "type": "git",
                "url": "git@github.com:nicolasbonnici/error.git",
                "reference": "master"
            },
            "type": "library",
            "time": "2014-03-27 05:39:50"
        },
        {
            "name": "frontend",
            "version": "master",
            "source": {
                "type": "git",
                "url": "git@github.com:nicolasbonnici/frontend.git",
                "reference": "master"
            },
            "type": "library",
            "time": "2014-03-27 19:08:24"
        },
        {
            "name": "lifestream",
            "version": "master",
            "source": {
                "type": "git",
                "url": "git@github.com:nicolasbonnici/lifestream.git",
                "reference": "master"
            },
            "type": "library",
            "time": "2014-03-23 18:29:16"
        },
        {
            "name": "sample",
            "version": "master",
            "source": {
                "type": "git",
                "url": "git@github.com:nicolasbonnici/sample.git",
                "reference": "master"
            },
            "type": "library",
            "time": "2014-03-18 04:37:55"
        },
        {
            "name": "setup",
            "version": "master",
            "source": {
                "type": "git",
                "url": "git@github.com:nicolasbonnici/setup.git",
                "reference": "master"
            },
            "type": "library",
            "time": "2014-03-21 00:26:56"
        },
        {
            "name": "tag",
            "version": "master",
            "source": {
                "type": "git",
                "url": "git@github.com:nicolasbonnici/tag.git",
                "reference": "master"
            },
            "type": "library",
            "time": "2014-03-18 04:38:07"
        },
        {
            "name": "todo",
            "version": "master",
            "source": {
                "type": "git",
                "url": "git@github.com:nicolasbonnici/todo.git",
                "reference": "master"
            },
            "type": "library",
            "time": "2014-03-23 18:29:19"
        },
        {
            "name": "user",
            "version": "master",
            "source": {
                "type": "git",
                "url": "git@github.com:nicolasbonnici/user.git",
                "reference": "master"
            },
            "type": "library",
            "time": "2014-03-18 04:38:26"
        }
    ],
    "packages-dev": [

    ],
    "aliases": [

    ],
    "minimum-stability": "stable",
    "stability-flags": {
        "auth": 20,
        "user": 20,
        "crud": 20,
        "blog": 20,
        "tag": 20,
        "category": 20,
        "lifestream": 20,
        "frontend": 20,
        "todo": 20,
        "sample": 20,
        "setup": 20,
        "error": 20
    },
    "platform": {
        "php": ">=5.3.0"
    },
    "platform-dev": [

    ]
}
